
Microsoft Visual Studio Solution File, Format Version 12.00
# Visual Studio Version 17
VisualStudioVersion = 17.0.31717.71
MinimumVisualStudioVersion = 10.0.40219.1
Project("{9A19103F-16F7-4668-BE54-9A1E7A4F7556}") = "Browl.Client", "Browl.Client.csproj", "{6EC97079-8C87-46CF-A619-6FC64CEFC5C1}"
EndProject
Global
	GlobalSection(SolutionConfigurationPlatforms) = preSolution
		Debug|Any CPU = Debug|Any CPU
		Release|Any CPU = Release|Any CPU
	EndGlobalSection
	GlobalSection(ProjectConfigurationPlatforms) = postSolution
		{6EC97079-8C87-46CF-A619-6FC64CEFC5C1}.Debug|Any CPU.ActiveCfg = Debug|Any CPU
		{6EC97079-8C87-46CF-A619-6FC64CEFC5C1}.Debug|Any CPU.Build.0 = Debug|Any CPU
		{6EC97079-8C87-46CF-A619-6FC64CEFC5C1}.Release|Any CPU.ActiveCfg = Release|Any CPU
		{6EC97079-8C87-46CF-A619-6FC64CEFC5C1}.Release|Any CPU.Build.0 = Release|Any CPU
	EndGlobalSection
	GlobalSection(SolutionProperties) = preSolution
		HideSolutionNode = FALSE
	EndGlobalSection
	GlobalSection(ExtensibilityGlobals) = postSolution
		SolutionGuid = {77B8C01F-EFC8-468B-8B01-909AD18E8A12}
	EndGlobalSection
EndGlobal