
Microsoft Visual Studio Solution File, Format Version 12.00
# Visual Studio Version 17
VisualStudioVersion = 17.0.31717.71
MinimumVisualStudioVersion = 10.0.40219.1
Project("{9A19103F-16F7-4668-BE54-9A1E7A4F7556}") = "Browl.Client", "Browl.Client.csproj", "{75023E1E-86D0-4788-9E8B-CAA11118EA80}"
EndProject
Global
	GlobalSection(SolutionConfigurationPlatforms) = preSolution
		Debug|Any CPU = Debug|Any CPU
		Release|Any CPU = Release|Any CPU
	EndGlobalSection
	GlobalSection(ProjectConfigurationPlatforms) = postSolution
		{75023E1E-86D0-4788-9E8B-CAA11118EA80}.Debug|Any CPU.ActiveCfg = Debug|Any CPU
		{75023E1E-86D0-4788-9E8B-CAA11118EA80}.Debug|Any CPU.Build.0 = Debug|Any CPU
		{75023E1E-86D0-4788-9E8B-CAA11118EA80}.Release|Any CPU.ActiveCfg = Release|Any CPU
		{75023E1E-86D0-4788-9E8B-CAA11118EA80}.Release|Any CPU.Build.0 = Release|Any CPU
	EndGlobalSection
	GlobalSection(SolutionProperties) = preSolution
		HideSolutionNode = FALSE
	EndGlobalSection
	GlobalSection(ExtensibilityGlobals) = postSolution
		SolutionGuid = {57153D6D-480D-462A-97CC-AD84A20E0869}
	EndGlobalSection
EndGlobal