
Microsoft Visual Studio Solution File, Format Version 12.00
# Visual Studio Version 17
VisualStudioVersion = 17.0.31717.71
MinimumVisualStudioVersion = 10.0.40219.1
Project("{9A19103F-16F7-4668-BE54-9A1E7A4F7556}") = "Browl.Client", "Browl.Client.csproj", "{2152FD36-CFA1-407C-BD9D-747B7A94A8DE}"
EndProject
Global
	GlobalSection(SolutionConfigurationPlatforms) = preSolution
		Debug|Any CPU = Debug|Any CPU
		Release|Any CPU = Release|Any CPU
	EndGlobalSection
	GlobalSection(ProjectConfigurationPlatforms) = postSolution
		{2152FD36-CFA1-407C-BD9D-747B7A94A8DE}.Debug|Any CPU.ActiveCfg = Debug|Any CPU
		{2152FD36-CFA1-407C-BD9D-747B7A94A8DE}.Debug|Any CPU.Build.0 = Debug|Any CPU
		{2152FD36-CFA1-407C-BD9D-747B7A94A8DE}.Release|Any CPU.ActiveCfg = Release|Any CPU
		{2152FD36-CFA1-407C-BD9D-747B7A94A8DE}.Release|Any CPU.Build.0 = Release|Any CPU
	EndGlobalSection
	GlobalSection(SolutionProperties) = preSolution
		HideSolutionNode = FALSE
	EndGlobalSection
	GlobalSection(ExtensibilityGlobals) = postSolution
		SolutionGuid = {9B425DF1-BF50-4D0D-AAF5-54076020F052}
	EndGlobalSection
EndGlobal